
Microsoft Visual Studio Solution File, Format Version 12.00
# Visual Studio 2017
Project("{FAE04EC0-301F-11D3-BF4B-00C04F79EFBC}") = "Unity2017", "Unity2017.csproj", "{8C7FBBFD-C0C9-369D-B5C6-9196D0963CDB}"
EndProject
Project("{FAE04EC0-301F-11D3-BF4B-00C04F79EFBC}") = "Unity2017.Editor", "Unity2017.Editor.csproj", "{58CB9F0E-C037-5E9C-042C-4F1EDEFC44B6}"
EndProject
Global
	GlobalSection(SolutionConfigurationPlatforms) = preSolution
		Debug|Any CPU = Debug|Any CPU
		Release|Any CPU = Release|Any CPU
	EndGlobalSection
	GlobalSection(ProjectConfigurationPlatforms) = postSolution
		{8C7FBBFD-C0C9-369D-B5C6-9196D0963CDB}.Debug|Any CPU.ActiveCfg = Debug|Any CPU
		{8C7FBBFD-C0C9-369D-B5C6-9196D0963CDB}.Debug|Any CPU.Build.0 = Debug|Any CPU
		{8C7FBBFD-C0C9-369D-B5C6-9196D0963CDB}.Release|Any CPU.ActiveCfg = Release|Any CPU
		{8C7FBBFD-C0C9-369D-B5C6-9196D0963CDB}.Release|Any CPU.Build.0 = Release|Any CPU
		{58CB9F0E-C037-5E9C-042C-4F1EDEFC44B6}.Debug|Any CPU.ActiveCfg = Debug|Any CPU
		{58CB9F0E-C037-5E9C-042C-4F1EDEFC44B6}.Debug|Any CPU.Build.0 = Debug|Any CPU
		{58CB9F0E-C037-5E9C-042C-4F1EDEFC44B6}.Release|Any CPU.ActiveCfg = Release|Any CPU
		{58CB9F0E-C037-5E9C-042C-4F1EDEFC44B6}.Release|Any CPU.Build.0 = Release|Any CPU
	EndGlobalSection
	GlobalSection(SolutionProperties) = preSolution
		HideSolutionNode = FALSE
	EndGlobalSection
EndGlobal
